
Microsoft Visual Studio Solution File, Format Version 12.00
# Visual Studio Version 16
VisualStudioVersion = 16.0.32126.315
MinimumVisualStudioVersion = 10.0.40219.1
Project("{FAE04EC0-301F-11D3-BF4B-00C04F79EFBC}") = "ConceptsPOO02", "ConceptsPOO02\ConceptsPOO02.csproj", "{6EAB659A-54D6-4A0F-8A40-6304F588D9A0}"
EndProject
Global
	GlobalSection(SolutionConfigurationPlatforms) = preSolution
		Debug|Any CPU = Debug|Any CPU
		Release|Any CPU = Release|Any CPU
	EndGlobalSection
	GlobalSection(ProjectConfigurationPlatforms) = postSolution
		{6EAB659A-54D6-4A0F-8A40-6304F588D9A0}.Debug|Any CPU.ActiveCfg = Debug|Any CPU
		{6EAB659A-54D6-4A0F-8A40-6304F588D9A0}.Debug|Any CPU.Build.0 = Debug|Any CPU
		{6EAB659A-54D6-4A0F-8A40-6304F588D9A0}.Release|Any CPU.ActiveCfg = Release|Any CPU
		{6EAB659A-54D6-4A0F-8A40-6304F588D9A0}.Release|Any CPU.Build.0 = Release|Any CPU
	EndGlobalSection
	GlobalSection(SolutionProperties) = preSolution
		HideSolutionNode = FALSE
	EndGlobalSection
	GlobalSection(ExtensibilityGlobals) = postSolution
		SolutionGuid = {6757AA41-96BD-4866-AF77-F5529A8992D9}
	EndGlobalSection
EndGlobal
